
Microsoft Visual Studio Solution File, Format Version 12.00
# Visual Studio 15
VisualStudioVersion = 15.0.27428.2027
MinimumVisualStudioVersion = 10.0.40219.1
Project("{FAE04EC0-301F-11D3-BF4B-00C04F79EFBC}") = "MeetupApp", "MeetupApp\MeetupApp\MeetupApp.csproj", "{9D5EB0F3-A4D1-4BCC-AEBE-F03C592F86C9}"
EndProject
Project("{FAE04EC0-301F-11D3-BF4B-00C04F79EFBC}") = "MeetupApp.Android", "MeetupApp\MeetupApp.Android\MeetupApp.Android.csproj", "{8186B032-FC67-4709-B7A3-413104844DA3}"
EndProject
Project("{FAE04EC0-301F-11D3-BF4B-00C04F79EFBC}") = "MeetupApp.iOS", "MeetupApp\MeetupApp.iOS\MeetupApp.iOS.csproj", "{E496C630-ABF4-44C8-BFD8-9D84C119C738}"
EndProject
Project("{FAE04EC0-301F-11D3-BF4B-00C04F79EFBC}") = "MeetupApp.UWP", "MeetupApp\MeetupApp.UWP\MeetupApp.UWP.csproj", "{D8AFF322-5E84-4980-93D1-78A730EBA6CC}"
EndProject
Global
	GlobalSection(SolutionConfigurationPlatforms) = preSolution
		Ad-Hoc|Any CPU = Ad-Hoc|Any CPU
		Ad-Hoc|ARM = Ad-Hoc|ARM
		Ad-Hoc|iPhone = Ad-Hoc|iPhone
		Ad-Hoc|iPhoneSimulator = Ad-Hoc|iPhoneSimulator
		Ad-Hoc|x64 = Ad-Hoc|x64
		Ad-Hoc|x86 = Ad-Hoc|x86
		AppStore|Any CPU = AppStore|Any CPU
		AppStore|ARM = AppStore|ARM
		AppStore|iPhone = AppStore|iPhone
		AppStore|iPhoneSimulator = AppStore|iPhoneSimulator
		AppStore|x64 = AppStore|x64
		AppStore|x86 = AppStore|x86
		Debug|Any CPU = Debug|Any CPU
		Debug|ARM = Debug|ARM
		Debug|iPhone = Debug|iPhone
		Debug|iPhoneSimulator = Debug|iPhoneSimulator
		Debug|x64 = Debug|x64
		Debug|x86 = Debug|x86
		Release|Any CPU = Release|Any CPU
		Release|ARM = Release|ARM
		Release|iPhone = Release|iPhone
		Release|iPhoneSimulator = Release|iPhoneSimulator
		Release|x64 = Release|x64
		Release|x86 = Release|x86
	EndGlobalSection
	GlobalSection(ProjectConfigurationPlatforms) = postSolution
		{9D5EB0F3-A4D1-4BCC-AEBE-F03C592F86C9}.Ad-Hoc|Any CPU.ActiveCfg = Debug|Any CPU
		{9D5EB0F3-A4D1-4BCC-AEBE-F03C592F86C9}.Ad-Hoc|Any CPU.Build.0 = Debug|Any CPU
		{9D5EB0F3-A4D1-4BCC-AEBE-F03C592F86C9}.Ad-Hoc|ARM.ActiveCfg = Debug|Any CPU
		{9D5EB0F3-A4D1-4BCC-AEBE-F03C592F86C9}.Ad-Hoc|ARM.Build.0 = Debug|Any CPU
		{9D5EB0F3-A4D1-4BCC-AEBE-F03C592F86C9}.Ad-Hoc|iPhone.ActiveCfg = Debug|Any CPU
		{9D5EB0F3-A4D1-4BCC-AEBE-F03C592F86C9}.Ad-Hoc|iPhone.Build.0 = Debug|Any CPU
		{9D5EB0F3-A4D1-4BCC-AEBE-F03C592F86C9}.Ad-Hoc|iPhoneSimulator.ActiveCfg = Debug|Any CPU
		{9D5EB0F3-A4D1-4BCC-AEBE-F03C592F86C9}.Ad-Hoc|iPhoneSimulator.Build.0 = Debug|Any CPU
		{9D5EB0F3-A4D1-4BCC-AEBE-F03C592F86C9}.Ad-Hoc|x64.ActiveCfg = Debug|Any CPU
		{9D5EB0F3-A4D1-4BCC-AEBE-F03C592F86C9}.Ad-Hoc|x64.Build.0 = Debug|Any CPU
		{9D5EB0F3-A4D1-4BCC-AEBE-F03C592F86C9}.Ad-Hoc|x86.ActiveCfg = Debug|Any CPU
		{9D5EB0F3-A4D1-4BCC-AEBE-F03C592F86C9}.Ad-Hoc|x86.Build.0 = Debug|Any CPU
		{9D5EB0F3-A4D1-4BCC-AEBE-F03C592F86C9}.AppStore|Any CPU.ActiveCfg = Debug|Any CPU
		{9D5EB0F3-A4D1-4BCC-AEBE-F03C592F86C9}.AppStore|Any CPU.Build.0 = Debug|Any CPU
		{9D5EB0F3-A4D1-4BCC-AEBE-F03C592F86C9}.AppStore|ARM.ActiveCfg = Debug|Any CPU
		{9D5EB0F3-A4D1-4BCC-AEBE-F03C592F86C9}.AppStore|ARM.Build.0 = Debug|Any CPU
		{9D5EB0F3-A4D1-4BCC-AEBE-F03C592F86C9}.AppStore|iPhone.ActiveCfg = Debug|Any CPU
		{9D5EB0F3-A4D1-4BCC-AEBE-F03C592F86C9}.AppStore|iPhone.Build.0 = Debug|Any CPU
		{9D5EB0F3-A4D1-4BCC-AEBE-F03C592F86C9}.AppStore|iPhoneSimulator.ActiveCfg = Debug|Any CPU
		{9D5EB0F3-A4D1-4BCC-AEBE-F03C592F86C9}.AppStore|iPhoneSimulator.Build.0 = Debug|Any CPU
		{9D5EB0F3-A4D1-4BCC-AEBE-F03C592F86C9}.AppStore|x64.ActiveCfg = Debug|Any CPU
		{9D5EB0F3-A4D1-4BCC-AEBE-F03C592F86C9}.AppStore|x64.Build.0 = Debug|Any CPU
		{9D5EB0F3-A4D1-4BCC-AEBE-F03C592F86C9}.AppStore|x86.ActiveCfg = Debug|Any CPU
		{9D5EB0F3-A4D1-4BCC-AEBE-F03C592F86C9}.AppStore|x86.Build.0 = Debug|Any CPU
		{9D5EB0F3-A4D1-4BCC-AEBE-F03C592F86C9}.Debug|Any CPU.ActiveCfg = Debug|Any CPU
		{9D5EB0F3-A4D1-4BCC-AEBE-F03C592F86C9}.Debug|Any CPU.Build.0 = Debug|Any CPU
		{9D5EB0F3-A4D1-4BCC-AEBE-F03C592F86C9}.Debug|ARM.ActiveCfg = Debug|Any CPU
		{9D5EB0F3-A4D1-4BCC-AEBE-F03C592F86C9}.Debug|ARM.Build.0 = Debug|Any CPU
		{9D5EB0F3-A4D1-4BCC-AEBE-F03C592F86C9}.Debug|iPhone.ActiveCfg = Debug|Any CPU
		{9D5EB0F3-A4D1-4BCC-AEBE-F03C592F86C9}.Debug|iPhone.Build.0 = Debug|Any CPU
		{9D5EB0F3-A4D1-4BCC-AEBE-F03C592F86C9}.Debug|iPhoneSimulator.ActiveCfg = Debug|Any CPU
		{9D5EB0F3-A4D1-4BCC-AEBE-F03C592F86C9}.Debug|iPhoneSimulator.Build.0 = Debug|Any CPU
		{9D5EB0F3-A4D1-4BCC-AEBE-F03C592F86C9}.Debug|x64.ActiveCfg = Debug|Any CPU
		{9D5EB0F3-A4D1-4BCC-AEBE-F03C592F86C9}.Debug|x64.Build.0 = Debug|Any CPU
		{9D5EB0F3-A4D1-4BCC-AEBE-F03C592F86C9}.Debug|x86.ActiveCfg = Debug|Any CPU
		{9D5EB0F3-A4D1-4BCC-AEBE-F03C592F86C9}.Debug|x86.Build.0 = Debug|Any CPU
		{9D5EB0F3-A4D1-4BCC-AEBE-F03C592F86C9}.Release|Any CPU.ActiveCfg = Release|Any CPU
		{9D5EB0F3-A4D1-4BCC-AEBE-F03C592F86C9}.Release|Any CPU.Build.0 = Release|Any CPU
		{9D5EB0F3-A4D1-4BCC-AEBE-F03C592F86C9}.Release|ARM.ActiveCfg = Release|Any CPU
		{9D5EB0F3-A4D1-4BCC-AEBE-F03C592F86C9}.Release|ARM.Build.0 = Release|Any CPU
		{9D5EB0F3-A4D1-4BCC-AEBE-F03C592F86C9}.Release|iPhone.ActiveCfg = Release|Any CPU
		{9D5EB0F3-A4D1-4BCC-AEBE-F03C592F86C9}.Release|iPhone.Build.0 = Release|Any CPU
		{9D5EB0F3-A4D1-4BCC-AEBE-F03C592F86C9}.Release|iPhoneSimulator.ActiveCfg = Release|Any CPU
		{9D5EB0F3-A4D1-4BCC-AEBE-F03C592F86C9}.Release|iPhoneSimulator.Build.0 = Release|Any CPU
		{9D5EB0F3-A4D1-4BCC-AEBE-F03C592F86C9}.Release|x64.ActiveCfg = Release|Any CPU
		{9D5EB0F3-A4D1-4BCC-AEBE-F03C592F86C9}.Release|x64.Build.0 = Release|Any CPU
		{9D5EB0F3-A4D1-4BCC-AEBE-F03C592F86C9}.Release|x86.ActiveCfg = Release|Any CPU
		{9D5EB0F3-A4D1-4BCC-AEBE-F03C592F86C9}.Release|x86.Build.0 = Release|Any CPU
		{8186B032-FC67-4709-B7A3-413104844DA3}.Ad-Hoc|Any CPU.ActiveCfg = Release|Any CPU
		{8186B032-FC67-4709-B7A3-413104844DA3}.Ad-Hoc|Any CPU.Build.0 = Release|Any CPU
		{8186B032-FC67-4709-B7A3-413104844DA3}.Ad-Hoc|Any CPU.Deploy.0 = Release|Any CPU
		{8186B032-FC67-4709-B7A3-413104844DA3}.Ad-Hoc|ARM.ActiveCfg = Release|Any CPU
		{8186B032-FC67-4709-B7A3-413104844DA3}.Ad-Hoc|ARM.Build.0 = Release|Any CPU
		{8186B032-FC67-4709-B7A3-413104844DA3}.Ad-Hoc|ARM.Deploy.0 = Release|Any CPU
		{8186B032-FC67-4709-B7A3-413104844DA3}.Ad-Hoc|iPhone.ActiveCfg = Release|Any CPU
		{8186B032-FC67-4709-B7A3-413104844DA3}.Ad-Hoc|iPhone.Build.0 = Release|Any CPU
		{8186B032-FC67-4709-B7A3-413104844DA3}.Ad-Hoc|iPhone.Deploy.0 = Release|Any CPU
		{8186B032-FC67-4709-B7A3-413104844DA3}.Ad-Hoc|iPhoneSimulator.ActiveCfg = Release|Any CPU
		{8186B032-FC67-4709-B7A3-413104844DA3}.Ad-Hoc|iPhoneSimulator.Build.0 = Release|Any CPU
		{8186B032-FC67-4709-B7A3-413104844DA3}.Ad-Hoc|iPhoneSimulator.Deploy.0 = Release|Any CPU
		{8186B032-FC67-4709-B7A3-413104844DA3}.Ad-Hoc|x64.ActiveCfg = Release|Any CPU
		{8186B032-FC67-4709-B7A3-413104844DA3}.Ad-Hoc|x64.Build.0 = Release|Any CPU
		{8186B032-FC67-4709-B7A3-413104844DA3}.Ad-Hoc|x64.Deploy.0 = Release|Any CPU
		{8186B032-FC67-4709-B7A3-413104844DA3}.Ad-Hoc|x86.ActiveCfg = Release|Any CPU
		{8186B032-FC67-4709-B7A3-413104844DA3}.Ad-Hoc|x86.Build.0 = Release|Any CPU
		{8186B032-FC67-4709-B7A3-413104844DA3}.Ad-Hoc|x86.Deploy.0 = Release|Any CPU
		{8186B032-FC67-4709-B7A3-413104844DA3}.AppStore|Any CPU.ActiveCfg = Release|Any CPU
		{8186B032-FC67-4709-B7A3-413104844DA3}.AppStore|Any CPU.Build.0 = Release|Any CPU
		{8186B032-FC67-4709-B7A3-413104844DA3}.AppStore|Any CPU.Deploy.0 = Release|Any CPU
		{8186B032-FC67-4709-B7A3-413104844DA3}.AppStore|ARM.ActiveCfg = Release|Any CPU
		{8186B032-FC67-4709-B7A3-413104844DA3}.AppStore|ARM.Build.0 = Release|Any CPU
		{8186B032-FC67-4709-B7A3-413104844DA3}.AppStore|ARM.Deploy.0 = Release|Any CPU
		{8186B032-FC67-4709-B7A3-413104844DA3}.AppStore|iPhone.ActiveCfg = Release|Any CPU
		{8186B032-FC67-4709-B7A3-413104844DA3}.AppStore|iPhone.Build.0 = Release|Any CPU
		{8186B032-FC67-4709-B7A3-413104844DA3}.AppStore|iPhone.Deploy.0 = Release|Any CPU
		{8186B032-FC67-4709-B7A3-413104844DA3}.AppStore|iPhoneSimulator.ActiveCfg = Release|Any CPU
		{8186B032-FC67-4709-B7A3-413104844DA3}.AppStore|iPhoneSimulator.Build.0 = Release|Any CPU
		{8186B032-FC67-4709-B7A3-413104844DA3}.AppStore|iPhoneSimulator.Deploy.0 = Release|Any CPU
		{8186B032-FC67-4709-B7A3-413104844DA3}.AppStore|x64.ActiveCfg = Release|Any CPU
		{8186B032-FC67-4709-B7A3-413104844DA3}.AppStore|x64.Build.0 = Release|Any CPU
		{8186B032-FC67-4709-B7A3-413104844DA3}.AppStore|x64.Deploy.0 = Release|Any CPU
		{8186B032-FC67-4709-B7A3-413104844DA3}.AppStore|x86.ActiveCfg = Release|Any CPU
		{8186B032-FC67-4709-B7A3-413104844DA3}.AppStore|x86.Build.0 = Release|Any CPU
		{8186B032-FC67-4709-B7A3-413104844DA3}.AppStore|x86.Deploy.0 = Release|Any CPU
		{8186B032-FC67-4709-B7A3-413104844DA3}.Debug|Any CPU.ActiveCfg = Debug|Any CPU
		{8186B032-FC67-4709-B7A3-413104844DA3}.Debug|Any CPU.Build.0 = Debug|Any CPU
		{8186B032-FC67-4709-B7A3-413104844DA3}.Debug|Any CPU.Deploy.0 = Debug|Any CPU
		{8186B032-FC67-4709-B7A3-413104844DA3}.Debug|ARM.ActiveCfg = Debug|Any CPU
		{8186B032-FC67-4709-B7A3-413104844DA3}.Debug|ARM.Build.0 = Debug|Any CPU
		{8186B032-FC67-4709-B7A3-413104844DA3}.Debug|ARM.Deploy.0 = Debug|Any CPU
		{8186B032-FC67-4709-B7A3-413104844DA3}.Debug|iPhone.ActiveCfg = Debug|Any CPU
		{8186B032-FC67-4709-B7A3-413104844DA3}.Debug|iPhone.Build.0 = Debug|Any CPU
		{8186B032-FC67-4709-B7A3-413104844DA3}.Debug|iPhone.Deploy.0 = Debug|Any CPU
		{8186B032-FC67-4709-B7A3-413104844DA3}.Debug|iPhoneSimulator.ActiveCfg = Debug|Any CPU
		{8186B032-FC67-4709-B7A3-413104844DA3}.Debug|iPhoneSimulator.Build.0 = Debug|Any CPU
		{8186B032-FC67-4709-B7A3-413104844DA3}.Debug|iPhoneSimulator.Deploy.0 = Debug|Any CPU
		{8186B032-FC67-4709-B7A3-413104844DA3}.Debug|x64.ActiveCfg = Debug|Any CPU
		{8186B032-FC67-4709-B7A3-413104844DA3}.Debug|x64.Build.0 = Debug|Any CPU
		{8186B032-FC67-4709-B7A3-413104844DA3}.Debug|x64.Deploy.0 = Debug|Any CPU
		{8186B032-FC67-4709-B7A3-413104844DA3}.Debug|x86.ActiveCfg = Debug|Any CPU
		{8186B032-FC67-4709-B7A3-413104844DA3}.Debug|x86.Build.0 = Debug|Any CPU
		{8186B032-FC67-4709-B7A3-413104844DA3}.Debug|x86.Deploy.0 = Debug|Any CPU
		{8186B032-FC67-4709-B7A3-413104844DA3}.Release|Any CPU.ActiveCfg = Release|Any CPU
		{8186B032-FC67-4709-B7A3-413104844DA3}.Release|Any CPU.Build.0 = Release|Any CPU
		{8186B032-FC67-4709-B7A3-413104844DA3}.Release|Any CPU.Deploy.0 = Release|Any CPU
		{8186B032-FC67-4709-B7A3-413104844DA3}.Release|ARM.ActiveCfg = Release|Any CPU
		{8186B032-FC67-4709-B7A3-413104844DA3}.Release|ARM.Build.0 = Release|Any CPU
		{8186B032-FC67-4709-B7A3-413104844DA3}.Release|ARM.Deploy.0 = Release|Any CPU
		{8186B032-FC67-4709-B7A3-413104844DA3}.Release|iPhone.ActiveCfg = Release|Any CPU
		{8186B032-FC67-4709-B7A3-413104844DA3}.Release|iPhone.Build.0 = Release|Any CPU
		{8186B032-FC67-4709-B7A3-413104844DA3}.Release|iPhone.Deploy.0 = Release|Any CPU
		{8186B032-FC67-4709-B7A3-413104844DA3}.Release|iPhoneSimulator.ActiveCfg = Release|Any CPU
		{8186B032-FC67-4709-B7A3-413104844DA3}.Release|iPhoneSimulator.Build.0 = Release|Any CPU
		{8186B032-FC67-4709-B7A3-413104844DA3}.Release|iPhoneSimulator.Deploy.0 = Release|Any CPU
		{8186B032-FC67-4709-B7A3-413104844DA3}.Release|x64.ActiveCfg = Release|Any CPU
		{8186B032-FC67-4709-B7A3-413104844DA3}.Release|x64.Build.0 = Release|Any CPU
		{8186B032-FC67-4709-B7A3-413104844DA3}.Release|x64.Deploy.0 = Release|Any CPU
		{8186B032-FC67-4709-B7A3-413104844DA3}.Release|x86.ActiveCfg = Release|Any CPU
		{8186B032-FC67-4709-B7A3-413104844DA3}.Release|x86.Build.0 = Release|Any CPU
		{8186B032-FC67-4709-B7A3-413104844DA3}.Release|x86.Deploy.0 = Release|Any CPU
		{E496C630-ABF4-44C8-BFD8-9D84C119C738}.Ad-Hoc|Any CPU.ActiveCfg = Ad-Hoc|iPhone
		{E496C630-ABF4-44C8-BFD8-9D84C119C738}.Ad-Hoc|ARM.ActiveCfg = Ad-Hoc|iPhone
		{E496C630-ABF4-44C8-BFD8-9D84C119C738}.Ad-Hoc|iPhone.ActiveCfg = Ad-Hoc|iPhone
		{E496C630-ABF4-44C8-BFD8-9D84C119C738}.Ad-Hoc|iPhone.Build.0 = Ad-Hoc|iPhone
		{E496C630-ABF4-44C8-BFD8-9D84C119C738}.Ad-Hoc|iPhoneSimulator.ActiveCfg = Ad-Hoc|iPhoneSimulator
		{E496C630-ABF4-44C8-BFD8-9D84C119C738}.Ad-Hoc|iPhoneSimulator.Build.0 = Ad-Hoc|iPhoneSimulator
		{E496C630-ABF4-44C8-BFD8-9D84C119C738}.Ad-Hoc|x64.ActiveCfg = Ad-Hoc|iPhone
		{E496C630-ABF4-44C8-BFD8-9D84C119C738}.Ad-Hoc|x86.ActiveCfg = Ad-Hoc|iPhone
		{E496C630-ABF4-44C8-BFD8-9D84C119C738}.AppStore|Any CPU.ActiveCfg = AppStore|iPhone
		{E496C630-ABF4-44C8-BFD8-9D84C119C738}.AppStore|ARM.ActiveCfg = AppStore|iPhone
		{E496C630-ABF4-44C8-BFD8-9D84C119C738}.AppStore|iPhone.ActiveCfg = AppStore|iPhone
		{E496C630-ABF4-44C8-BFD8-9D84C119C738}.AppStore|iPhone.Build.0 = AppStore|iPhone
		{E496C630-ABF4-44C8-BFD8-9D84C119C738}.AppStore|iPhoneSimulator.ActiveCfg = AppStore|iPhoneSimulator
		{E496C630-ABF4-44C8-BFD8-9D84C119C738}.AppStore|iPhoneSimulator.Build.0 = AppStore|iPhoneSimulator
		{E496C630-ABF4-44C8-BFD8-9D84C119C738}.AppStore|x64.ActiveCfg = AppStore|iPhone
		{E496C630-ABF4-44C8-BFD8-9D84C119C738}.AppStore|x86.ActiveCfg = AppStore|iPhone
		{E496C630-ABF4-44C8-BFD8-9D84C119C738}.Debug|Any CPU.ActiveCfg = Debug|iPhone
		{E496C630-ABF4-44C8-BFD8-9D84C119C738}.Debug|ARM.ActiveCfg = Debug|iPhone
		{E496C630-ABF4-44C8-BFD8-9D84C119C738}.Debug|iPhone.ActiveCfg = Debug|iPhone
		{E496C630-ABF4-44C8-BFD8-9D84C119C738}.Debug|iPhone.Build.0 = Debug|iPhone
		{E496C630-ABF4-44C8-BFD8-9D84C119C738}.Debug|iPhoneSimulator.ActiveCfg = Debug|iPhoneSimulator
		{E496C630-ABF4-44C8-BFD8-9D84C119C738}.Debug|iPhoneSimulator.Build.0 = Debug|iPhoneSimulator
		{E496C630-ABF4-44C8-BFD8-9D84C119C738}.Debug|x64.ActiveCfg = Debug|iPhone
		{E496C630-ABF4-44C8-BFD8-9D84C119C738}.Debug|x86.ActiveCfg = Debug|iPhone
		{E496C630-ABF4-44C8-BFD8-9D84C119C738}.Release|Any CPU.ActiveCfg = Release|iPhone
		{E496C630-ABF4-44C8-BFD8-9D84C119C738}.Release|ARM.ActiveCfg = Release|iPhone
		{E496C630-ABF4-44C8-BFD8-9D84C119C738}.Release|iPhone.ActiveCfg = Release|iPhone
		{E496C630-ABF4-44C8-BFD8-9D84C119C738}.Release|iPhone.Build.0 = Release|iPhone
		{E496C630-ABF4-44C8-BFD8-9D84C119C738}.Release|iPhoneSimulator.ActiveCfg = Release|iPhoneSimulator
		{E496C630-ABF4-44C8-BFD8-9D84C119C738}.Release|iPhoneSimulator.Build.0 = Release|iPhoneSimulator
		{E496C630-ABF4-44C8-BFD8-9D84C119C738}.Release|x64.ActiveCfg = Release|iPhone
		{E496C630-ABF4-44C8-BFD8-9D84C119C738}.Release|x86.ActiveCfg = Release|iPhone
		{D8AFF322-5E84-4980-93D1-78A730EBA6CC}.Ad-Hoc|Any CPU.ActiveCfg = Release|x86
		{D8AFF322-5E84-4980-93D1-78A730EBA6CC}.Ad-Hoc|Any CPU.Build.0 = Release|x86
		{D8AFF322-5E84-4980-93D1-78A730EBA6CC}.Ad-Hoc|Any CPU.Deploy.0 = Release|x86
		{D8AFF322-5E84-4980-93D1-78A730EBA6CC}.Ad-Hoc|ARM.ActiveCfg = Release|ARM
		{D8AFF322-5E84-4980-93D1-78A730EBA6CC}.Ad-Hoc|ARM.Build.0 = Release|ARM
		{D8AFF322-5E84-4980-93D1-78A730EBA6CC}.Ad-Hoc|ARM.Deploy.0 = Release|ARM
		{D8AFF322-5E84-4980-93D1-78A730EBA6CC}.Ad-Hoc|iPhone.ActiveCfg = Release|x86
		{D8AFF322-5E84-4980-93D1-78A730EBA6CC}.Ad-Hoc|iPhone.Build.0 = Release|x86
		{D8AFF322-5E84-4980-93D1-78A730EBA6CC}.Ad-Hoc|iPhone.Deploy.0 = Release|x86
		{D8AFF322-5E84-4980-93D1-78A730EBA6CC}.Ad-Hoc|iPhoneSimulator.ActiveCfg = Release|x86
		{D8AFF322-5E84-4980-93D1-78A730EBA6CC}.Ad-Hoc|iPhoneSimulator.Build.0 = Release|x86
		{D8AFF322-5E84-4980-93D1-78A730EBA6CC}.Ad-Hoc|iPhoneSimulator.Deploy.0 = Release|x86
		{D8AFF322-5E84-4980-93D1-78A730EBA6CC}.Ad-Hoc|x64.ActiveCfg = Release|x64
		{D8AFF322-5E84-4980-93D1-78A730EBA6CC}.Ad-Hoc|x64.Build.0 = Release|x64
		{D8AFF322-5E84-4980-93D1-78A730EBA6CC}.Ad-Hoc|x64.Deploy.0 = Release|x64
		{D8AFF322-5E84-4980-93D1-78A730EBA6CC}.Ad-Hoc|x86.ActiveCfg = Release|x86
		{D8AFF322-5E84-4980-93D1-78A730EBA6CC}.Ad-Hoc|x86.Build.0 = Release|x86
		{D8AFF322-5E84-4980-93D1-78A730EBA6CC}.Ad-Hoc|x86.Deploy.0 = Release|x86
		{D8AFF322-5E84-4980-93D1-78A730EBA6CC}.AppStore|Any CPU.ActiveCfg = Release|x86
		{D8AFF322-5E84-4980-93D1-78A730EBA6CC}.AppStore|Any CPU.Build.0 = Release|x86
		{D8AFF322-5E84-4980-93D1-78A730EBA6CC}.AppStore|Any CPU.Deploy.0 = Release|x86
		{D8AFF322-5E84-4980-93D1-78A730EBA6CC}.AppStore|ARM.ActiveCfg = Release|ARM
		{D8AFF322-5E84-4980-93D1-78A730EBA6CC}.AppStore|ARM.Build.0 = Release|ARM
		{D8AFF322-5E84-4980-93D1-78A730EBA6CC}.AppStore|ARM.Deploy.0 = Release|ARM
		{D8AFF322-5E84-4980-93D1-78A730EBA6CC}.AppStore|iPhone.ActiveCfg = Release|x86
		{D8AFF322-5E84-4980-93D1-78A730EBA6CC}.AppStore|iPhone.Build.0 = Release|x86
		{D8AFF322-5E84-4980-93D1-78A730EBA6CC}.AppStore|iPhone.Deploy.0 = Release|x86
		{D8AFF322-5E84-4980-93D1-78A730EBA6CC}.AppStore|iPhoneSimulator.ActiveCfg = Release|x86
		{D8AFF322-5E84-4980-93D1-78A730EBA6CC}.AppStore|iPhoneSimulator.Build.0 = Release|x86
		{D8AFF322-5E84-4980-93D1-78A730EBA6CC}.AppStore|iPhoneSimulator.Deploy.0 = Release|x86
		{D8AFF322-5E84-4980-93D1-78A730EBA6CC}.AppStore|x64.ActiveCfg = Release|x64
		{D8AFF322-5E84-4980-93D1-78A730EBA6CC}.AppStore|x64.Build.0 = Release|x64
		{D8AFF322-5E84-4980-93D1-78A730EBA6CC}.AppStore|x64.Deploy.0 = Release|x64
		{D8AFF322-5E84-4980-93D1-78A730EBA6CC}.AppStore|x86.ActiveCfg = Release|x86
		{D8AFF322-5E84-4980-93D1-78A730EBA6CC}.AppStore|x86.Build.0 = Release|x86
		{D8AFF322-5E84-4980-93D1-78A730EBA6CC}.AppStore|x86.Deploy.0 = Release|x86
		{D8AFF322-5E84-4980-93D1-78A730EBA6CC}.Debug|Any CPU.ActiveCfg = Debug|x86
		{D8AFF322-5E84-4980-93D1-78A730EBA6CC}.Debug|ARM.ActiveCfg = Debug|ARM
		{D8AFF322-5E84-4980-93D1-78A730EBA6CC}.Debug|ARM.Build.0 = Debug|ARM
		{D8AFF322-5E84-4980-93D1-78A730EBA6CC}.Debug|ARM.Deploy.0 = Debug|ARM
		{D8AFF322-5E84-4980-93D1-78A730EBA6CC}.Debug|iPhone.ActiveCfg = Debug|x86
		{D8AFF322-5E84-4980-93D1-78A730EBA6CC}.Debug|iPhoneSimulator.ActiveCfg = Debug|x86
		{D8AFF322-5E84-4980-93D1-78A730EBA6CC}.Debug|x64.ActiveCfg = Debug|x64
		{D8AFF322-5E84-4980-93D1-78A730EBA6CC}.Debug|x64.Build.0 = Debug|x64
		{D8AFF322-5E84-4980-93D1-78A730EBA6CC}.Debug|x64.Deploy.0 = Debug|x64
		{D8AFF322-5E84-4980-93D1-78A730EBA6CC}.Debug|x86.ActiveCfg = Debug|x86
		{D8AFF322-5E84-4980-93D1-78A730EBA6CC}.Debug|x86.Build.0 = Debug|x86
		{D8AFF322-5E84-4980-93D1-78A730EBA6CC}.Debug|x86.Deploy.0 = Debug|x86
		{D8AFF322-5E84-4980-93D1-78A730EBA6CC}.Release|Any CPU.ActiveCfg = Release|x86
		{D8AFF322-5E84-4980-93D1-78A730EBA6CC}.Release|ARM.ActiveCfg = Release|ARM
		{D8AFF322-5E84-4980-93D1-78A730EBA6CC}.Release|ARM.Build.0 = Release|ARM
		{D8AFF322-5E84-4980-93D1-78A730EBA6CC}.Release|ARM.Deploy.0 = Release|ARM
		{D8AFF322-5E84-4980-93D1-78A730EBA6CC}.Release|iPhone.ActiveCfg = Release|x86
		{D8AFF322-5E84-4980-93D1-78A730EBA6CC}.Release|iPhoneSimulator.ActiveCfg = Release|x86
		{D8AFF322-5E84-4980-93D1-78A730EBA6CC}.Release|x64.ActiveCfg = Release|x64
		{D8AFF322-5E84-4980-93D1-78A730EBA6CC}.Release|x64.Build.0 = Release|x64
		{D8AFF322-5E84-4980-93D1-78A730EBA6CC}.Release|x64.Deploy.0 = Release|x64
		{D8AFF322-5E84-4980-93D1-78A730EBA6CC}.Release|x86.ActiveCfg = Release|x86
		{D8AFF322-5E84-4980-93D1-78A730EBA6CC}.Release|x86.Build.0 = Release|x86
		{D8AFF322-5E84-4980-93D1-78A730EBA6CC}.Release|x86.Deploy.0 = Release|x86
	EndGlobalSection
	GlobalSection(SolutionProperties) = preSolution
		HideSolutionNode = FALSE
	EndGlobalSection
	GlobalSection(ExtensibilityGlobals) = postSolution
		SolutionGuid = {D8E1303A-DD3C-4D4B-9AD7-C9AC6AD2B3A9}
	EndGlobalSection
EndGlobal
